
Microsoft Visual Studio Solution File, Format Version 12.00
# Visual Studio Version 17
VisualStudioVersion = 17.0.31912.275
MinimumVisualStudioVersion = 10.0.40219.1
Project("{FAE04EC0-301F-11D3-BF4B-00C04F79EFBC}") = "Day-35-AddressBookByLinQ", "Day-35-AddressBookByLinQ\Day-35-AddressBookByLinQ.csproj", "{D1E9341A-3434-4DF0-B7CB-BCA288E61533}"
EndProject
Global
	GlobalSection(SolutionConfigurationPlatforms) = preSolution
		Debug|Any CPU = Debug|Any CPU
		Release|Any CPU = Release|Any CPU
	EndGlobalSection
	GlobalSection(ProjectConfigurationPlatforms) = postSolution
		{D1E9341A-3434-4DF0-B7CB-BCA288E61533}.Debug|Any CPU.ActiveCfg = Debug|Any CPU
		{D1E9341A-3434-4DF0-B7CB-BCA288E61533}.Debug|Any CPU.Build.0 = Debug|Any CPU
		{D1E9341A-3434-4DF0-B7CB-BCA288E61533}.Release|Any CPU.ActiveCfg = Release|Any CPU
		{D1E9341A-3434-4DF0-B7CB-BCA288E61533}.Release|Any CPU.Build.0 = Release|Any CPU
	EndGlobalSection
	GlobalSection(SolutionProperties) = preSolution
		HideSolutionNode = FALSE
	EndGlobalSection
	GlobalSection(ExtensibilityGlobals) = postSolution
		SolutionGuid = {98497C92-6A24-4EE9-8B90-1C457AEA9142}
	EndGlobalSection
EndGlobal
